// !$*UTF8*$!
{
	archiveVersion = 1;
	classes = {
	};
	objectVersion = 51;
	objects = {

/* Begin PBXBuildFile section */
		095725E9494E866C8A369942 /* Pods_WBooks_WBooksUITests.framework in Frameworks */ = {isa = PBXBuildFile; fileRef = FF055BE87DE3A0E3073B42A3 /* Pods_WBooks_WBooksUITests.framework */; };
		5B1C712AAA896C90143B0FA5 /* Pods_WBooks.framework in Frameworks */ = {isa = PBXBuildFile; fileRef = 558B67B5D1D526ACC3175FBF /* Pods_WBooks.framework */; };
		6507BC31258BDCF80006377A /* BookControllerTests.swift in Sources */ = {isa = PBXBuildFile; fileRef = 6507BC30258BDCF80006377A /* BookControllerTests.swift */; };
		652280EE258BE51700B97637 /* BookViewStub.swift in Sources */ = {isa = PBXBuildFile; fileRef = 652280ED258BE51700B97637 /* BookViewStub.swift */; };
		65376A9925910C03006E4D35 /* BookViewModel.swift in Sources */ = {isa = PBXBuildFile; fileRef = 65376A9825910C03006E4D35 /* BookViewModel.swift */; };
		65376AA125910C2E006E4D35 /* SimpleBookViewModel.swift in Sources */ = {isa = PBXBuildFile; fileRef = 65376AA025910C2E006E4D35 /* SimpleBookViewModel.swift */; };
		654E3566258D048200E35E62 /* CustomBookView.swift in Sources */ = {isa = PBXBuildFile; fileRef = 654E3565258D048200E35E62 /* CustomBookView.swift */; };
		654E356B258D04A600E35E62 /* CustomBookView.xib in Resources */ = {isa = PBXBuildFile; fileRef = 654E356A258D04A600E35E62 /* CustomBookView.xib */; };
		654E3571258D089700E35E62 /* NibView.swift in Sources */ = {isa = PBXBuildFile; fileRef = 654E3570258D089700E35E62 /* NibView.swift */; };
		654E3576258D08C500E35E62 /* View+loadNib.swift in Sources */ = {isa = PBXBuildFile; fileRef = 654E3575258D08C500E35E62 /* View+loadNib.swift */; };
		654E357B258D0A3E00E35E62 /* CustomBookViewTests.swift in Sources */ = {isa = PBXBuildFile; fileRef = 654E357A258D0A3E00E35E62 /* CustomBookViewTests.swift */; };
		6559E5A32589482D000D2120 /* BookService.swift in Sources */ = {isa = PBXBuildFile; fileRef = 6559E5A22589482D000D2120 /* BookService.swift */; };
		6559E5A825894AEF000D2120 /* BookAPIService.swift in Sources */ = {isa = PBXBuildFile; fileRef = 6559E5A725894AEF000D2120 /* BookAPIService.swift */; };
		6559E5AD258953B3000D2120 /* BookAPIServiceTests.swift in Sources */ = {isa = PBXBuildFile; fileRef = 6559E5AC258953B3000D2120 /* BookAPIServiceTests.swift */; };
		6559E5B22589575D000D2120 /* BookServiceStub.swift in Sources */ = {isa = PBXBuildFile; fileRef = 6559E5B12589575D000D2120 /* BookServiceStub.swift */; };
		657DED5C2589168400CAF834 /* AppDelegate.swift in Sources */ = {isa = PBXBuildFile; fileRef = 657DED5B2589168400CAF834 /* AppDelegate.swift */; };
		657DED5E2589168400CAF834 /* SceneDelegate.swift in Sources */ = {isa = PBXBuildFile; fileRef = 657DED5D2589168400CAF834 /* SceneDelegate.swift */; };
		657DED602589168400CAF834 /* BookController.swift in Sources */ = {isa = PBXBuildFile; fileRef = 657DED5F2589168400CAF834 /* BookController.swift */; };
		657DED652589168500CAF834 /* Assets.xcassets in Resources */ = {isa = PBXBuildFile; fileRef = 657DED642589168500CAF834 /* Assets.xcassets */; };
		657DED682589168500CAF834 /* LaunchScreen.storyboard in Resources */ = {isa = PBXBuildFile; fileRef = 657DED662589168500CAF834 /* LaunchScreen.storyboard */; };
		657DED7E2589168500CAF834 /* WBooksUITests.swift in Sources */ = {isa = PBXBuildFile; fileRef = 657DED7D2589168500CAF834 /* WBooksUITests.swift */; };
		657DED902589199000CAF834 /* Book.swift in Sources */ = {isa = PBXBuildFile; fileRef = 657DED8F2589199000CAF834 /* Book.swift */; };
		657DED9625891A9000CAF834 /* BookTests.swift in Sources */ = {isa = PBXBuildFile; fileRef = 657DED9525891A9000CAF834 /* BookTests.swift */; };
		659B5BEB258BE13B00FAA5D1 /* BookView.swift in Sources */ = {isa = PBXBuildFile; fileRef = 659B5BEA258BE13B00FAA5D1 /* BookView.swift */; };
		65AFE5D2258A84EB00D5D6E9 /* SimpleBookViewTests.swift in Sources */ = {isa = PBXBuildFile; fileRef = 65AFE5D1258A84EB00D5D6E9 /* SimpleBookViewTests.swift */; };
		65B7F3EA2589308E0067ECFF /* SimpleBookView.swift in Sources */ = {isa = PBXBuildFile; fileRef = 65B7F3E92589308E0067ECFF /* SimpleBookView.swift */; };
		65B8AF1525912EAE00A5B338 /* BookViewModelStub.swift in Sources */ = {isa = PBXBuildFile; fileRef = 65B8AF1425912EAE00A5B338 /* BookViewModelStub.swift */; };
		65B8AF1D25912F3500A5B338 /* SimpleBookViewModelTests.swift in Sources */ = {isa = PBXBuildFile; fileRef = 65B8AF1C25912F3500A5B338 /* SimpleBookViewModelTests.swift */; };
		65C94296258A5E7E007BAF09 /* WebDataDownloadTests.swift in Sources */ = {isa = PBXBuildFile; fileRef = 65C94295258A5E7E007BAF09 /* WebDataDownloadTests.swift */; };
		65D9667A258C148800137E17 /* BookControllerIntegrationTests.swift in Sources */ = {isa = PBXBuildFile; fileRef = 65D96679258C148800137E17 /* BookControllerIntegrationTests.swift */; };
		A73E8612EDAB050226F6E63B /* Pods_WBooksTests.framework in Frameworks */ = {isa = PBXBuildFile; fileRef = 6451B27488F55928F26B7BA8 /* Pods_WBooksTests.framework */; };
/* End PBXBuildFile section */

/* Begin PBXContainerItemProxy section */
		657DED6F2589168500CAF834 /* PBXContainerItemProxy */ = {
			isa = PBXContainerItemProxy;
			containerPortal = 657DED502589168400CAF834 /* Project object */;
			proxyType = 1;
			remoteGlobalIDString = 657DED572589168400CAF834;
			remoteInfo = WBooks;
		};
		657DED7A2589168500CAF834 /* PBXContainerItemProxy */ = {
			isa = PBXContainerItemProxy;
			containerPortal = 657DED502589168400CAF834 /* Project object */;
			proxyType = 1;
			remoteGlobalIDString = 657DED572589168400CAF834;
			remoteInfo = WBooks;
		};
/* End PBXContainerItemProxy section */

/* Begin PBXFileReference section */
		426E3023ADDCA8F0625B1B52 /* Pods-WBooksTests.release.xcconfig */ = {isa = PBXFileReference; includeInIndex = 1; lastKnownFileType = text.xcconfig; name = "Pods-WBooksTests.release.xcconfig"; path = "Target Support Files/Pods-WBooksTests/Pods-WBooksTests.release.xcconfig"; sourceTree = "<group>"; };
		441F625A43F59C49C971C5CA /* Pods-WBooks-WBooksTests.release.xcconfig */ = {isa = PBXFileReference; includeInIndex = 1; lastKnownFileType = text.xcconfig; name = "Pods-WBooks-WBooksTests.release.xcconfig"; path = "Target Support Files/Pods-WBooks-WBooksTests/Pods-WBooks-WBooksTests.release.xcconfig"; sourceTree = "<group>"; };
		48F3C561A725AB0E9F061876 /* Pods-WBooks.release.xcconfig */ = {isa = PBXFileReference; includeInIndex = 1; lastKnownFileType = text.xcconfig; name = "Pods-WBooks.release.xcconfig"; path = "Target Support Files/Pods-WBooks/Pods-WBooks.release.xcconfig"; sourceTree = "<group>"; };
		558B67B5D1D526ACC3175FBF /* Pods_WBooks.framework */ = {isa = PBXFileReference; explicitFileType = wrapper.framework; includeInIndex = 0; path = Pods_WBooks.framework; sourceTree = BUILT_PRODUCTS_DIR; };
		6451B27488F55928F26B7BA8 /* Pods_WBooksTests.framework */ = {isa = PBXFileReference; explicitFileType = wrapper.framework; includeInIndex = 0; path = Pods_WBooksTests.framework; sourceTree = BUILT_PRODUCTS_DIR; };
		6507BC30258BDCF80006377A /* BookControllerTests.swift */ = {isa = PBXFileReference; lastKnownFileType = sourcecode.swift; path = BookControllerTests.swift; sourceTree = "<group>"; };
		652280ED258BE51700B97637 /* BookViewStub.swift */ = {isa = PBXFileReference; lastKnownFileType = sourcecode.swift; path = BookViewStub.swift; sourceTree = "<group>"; };
		65376A9825910C03006E4D35 /* BookViewModel.swift */ = {isa = PBXFileReference; lastKnownFileType = sourcecode.swift; path = BookViewModel.swift; sourceTree = "<group>"; };
		65376AA025910C2E006E4D35 /* SimpleBookViewModel.swift */ = {isa = PBXFileReference; lastKnownFileType = sourcecode.swift; path = SimpleBookViewModel.swift; sourceTree = "<group>"; };
		654E3565258D048200E35E62 /* CustomBookView.swift */ = {isa = PBXFileReference; lastKnownFileType = sourcecode.swift; path = CustomBookView.swift; sourceTree = "<group>"; };
		654E356A258D04A600E35E62 /* CustomBookView.xib */ = {isa = PBXFileReference; lastKnownFileType = file.xib; path = CustomBookView.xib; sourceTree = "<group>"; };
		654E3570258D089700E35E62 /* NibView.swift */ = {isa = PBXFileReference; lastKnownFileType = sourcecode.swift; path = NibView.swift; sourceTree = "<group>"; };
		654E3575258D08C500E35E62 /* View+loadNib.swift */ = {isa = PBXFileReference; lastKnownFileType = sourcecode.swift; path = "View+loadNib.swift"; sourceTree = "<group>"; };
		654E357A258D0A3E00E35E62 /* CustomBookViewTests.swift */ = {isa = PBXFileReference; lastKnownFileType = sourcecode.swift; path = CustomBookViewTests.swift; sourceTree = "<group>"; };
		6559E5A22589482D000D2120 /* BookService.swift */ = {isa = PBXFileReference; lastKnownFileType = sourcecode.swift; path = BookService.swift; sourceTree = "<group>"; };
		6559E5A725894AEF000D2120 /* BookAPIService.swift */ = {isa = PBXFileReference; lastKnownFileType = sourcecode.swift; path = BookAPIService.swift; sourceTree = "<group>"; };
		6559E5AC258953B3000D2120 /* BookAPIServiceTests.swift */ = {isa = PBXFileReference; lastKnownFileType = sourcecode.swift; path = BookAPIServiceTests.swift; sourceTree = "<group>"; };
		6559E5B12589575D000D2120 /* BookServiceStub.swift */ = {isa = PBXFileReference; lastKnownFileType = sourcecode.swift; path = BookServiceStub.swift; sourceTree = "<group>"; };
		657DED582589168400CAF834 /* WBooks.app */ = {isa = PBXFileReference; explicitFileType = wrapper.application; includeInIndex = 0; path = WBooks.app; sourceTree = BUILT_PRODUCTS_DIR; };
		657DED5B2589168400CAF834 /* AppDelegate.swift */ = {isa = PBXFileReference; lastKnownFileType = sourcecode.swift; path = AppDelegate.swift; sourceTree = "<group>"; };
		657DED5D2589168400CAF834 /* SceneDelegate.swift */ = {isa = PBXFileReference; lastKnownFileType = sourcecode.swift; path = SceneDelegate.swift; sourceTree = "<group>"; };
		657DED5F2589168400CAF834 /* BookController.swift */ = {isa = PBXFileReference; lastKnownFileType = sourcecode.swift; path = BookController.swift; sourceTree = "<group>"; };
		657DED642589168500CAF834 /* Assets.xcassets */ = {isa = PBXFileReference; lastKnownFileType = folder.assetcatalog; path = Assets.xcassets; sourceTree = "<group>"; };
		657DED672589168500CAF834 /* Base */ = {isa = PBXFileReference; lastKnownFileType = file.storyboard; name = Base; path = Base.lproj/LaunchScreen.storyboard; sourceTree = "<group>"; };
		657DED692589168500CAF834 /* Info.plist */ = {isa = PBXFileReference; lastKnownFileType = text.plist.xml; path = Info.plist; sourceTree = "<group>"; };
		657DED6E2589168500CAF834 /* WBooksTests.xctest */ = {isa = PBXFileReference; explicitFileType = wrapper.cfbundle; includeInIndex = 0; path = WBooksTests.xctest; sourceTree = BUILT_PRODUCTS_DIR; };
		657DED742589168500CAF834 /* Info.plist */ = {isa = PBXFileReference; lastKnownFileType = text.plist.xml; path = Info.plist; sourceTree = "<group>"; };
		657DED792589168500CAF834 /* WBooksUITests.xctest */ = {isa = PBXFileReference; explicitFileType = wrapper.cfbundle; includeInIndex = 0; path = WBooksUITests.xctest; sourceTree = BUILT_PRODUCTS_DIR; };
		657DED7D2589168500CAF834 /* WBooksUITests.swift */ = {isa = PBXFileReference; lastKnownFileType = sourcecode.swift; path = WBooksUITests.swift; sourceTree = "<group>"; };
		657DED7F2589168500CAF834 /* Info.plist */ = {isa = PBXFileReference; lastKnownFileType = text.plist.xml; path = Info.plist; sourceTree = "<group>"; };
		657DED8F2589199000CAF834 /* Book.swift */ = {isa = PBXFileReference; lastKnownFileType = sourcecode.swift; path = Book.swift; sourceTree = "<group>"; };
		657DED9525891A9000CAF834 /* BookTests.swift */ = {isa = PBXFileReference; lastKnownFileType = sourcecode.swift; path = BookTests.swift; sourceTree = "<group>"; };
		659B5BEA258BE13B00FAA5D1 /* BookView.swift */ = {isa = PBXFileReference; lastKnownFileType = sourcecode.swift; path = BookView.swift; sourceTree = "<group>"; };
		65AFE5D1258A84EB00D5D6E9 /* SimpleBookViewTests.swift */ = {isa = PBXFileReference; lastKnownFileType = sourcecode.swift; path = SimpleBookViewTests.swift; sourceTree = "<group>"; };
		65B7F3E92589308E0067ECFF /* SimpleBookView.swift */ = {isa = PBXFileReference; lastKnownFileType = sourcecode.swift; path = SimpleBookView.swift; sourceTree = "<group>"; };
		65B8AF1425912EAE00A5B338 /* BookViewModelStub.swift */ = {isa = PBXFileReference; lastKnownFileType = sourcecode.swift; path = BookViewModelStub.swift; sourceTree = "<group>"; };
		65B8AF1C25912F3500A5B338 /* SimpleBookViewModelTests.swift */ = {isa = PBXFileReference; lastKnownFileType = sourcecode.swift; path = SimpleBookViewModelTests.swift; sourceTree = "<group>"; };
		65C94295258A5E7E007BAF09 /* WebDataDownloadTests.swift */ = {isa = PBXFileReference; lastKnownFileType = sourcecode.swift; path = WebDataDownloadTests.swift; sourceTree = "<group>"; };
		65D96679258C148800137E17 /* BookControllerIntegrationTests.swift */ = {isa = PBXFileReference; lastKnownFileType = sourcecode.swift; path = BookControllerIntegrationTests.swift; sourceTree = "<group>"; };
		82DDAC80D5B82958B581C949 /* Pods-WBooks.debug.xcconfig */ = {isa = PBXFileReference; includeInIndex = 1; lastKnownFileType = text.xcconfig; name = "Pods-WBooks.debug.xcconfig"; path = "Target Support Files/Pods-WBooks/Pods-WBooks.debug.xcconfig"; sourceTree = "<group>"; };
		AFA19C65513CD827619B1E95 /* Pods-WBooks-WBooksTests.debug.xcconfig */ = {isa = PBXFileReference; includeInIndex = 1; lastKnownFileType = text.xcconfig; name = "Pods-WBooks-WBooksTests.debug.xcconfig"; path = "Target Support Files/Pods-WBooks-WBooksTests/Pods-WBooks-WBooksTests.debug.xcconfig"; sourceTree = "<group>"; };
		E398D9A81F7F43BC6D977FA3 /* Pods-WBooksTests.debug.xcconfig */ = {isa = PBXFileReference; includeInIndex = 1; lastKnownFileType = text.xcconfig; name = "Pods-WBooksTests.debug.xcconfig"; path = "Target Support Files/Pods-WBooksTests/Pods-WBooksTests.debug.xcconfig"; sourceTree = "<group>"; };
		EAD123452A3492459627954D /* Pods-WBooks-WBooksUITests.debug.xcconfig */ = {isa = PBXFileReference; includeInIndex = 1; lastKnownFileType = text.xcconfig; name = "Pods-WBooks-WBooksUITests.debug.xcconfig"; path = "Target Support Files/Pods-WBooks-WBooksUITests/Pods-WBooks-WBooksUITests.debug.xcconfig"; sourceTree = "<group>"; };
		FADD955393FC95CAF5B76524 /* Pods-WBooks-WBooksUITests.release.xcconfig */ = {isa = PBXFileReference; includeInIndex = 1; lastKnownFileType = text.xcconfig; name = "Pods-WBooks-WBooksUITests.release.xcconfig"; path = "Target Support Files/Pods-WBooks-WBooksUITests/Pods-WBooks-WBooksUITests.release.xcconfig"; sourceTree = "<group>"; };
		FF055BE87DE3A0E3073B42A3 /* Pods_WBooks_WBooksUITests.framework */ = {isa = PBXFileReference; explicitFileType = wrapper.framework; includeInIndex = 0; path = Pods_WBooks_WBooksUITests.framework; sourceTree = BUILT_PRODUCTS_DIR; };
/* End PBXFileReference section */

/* Begin PBXFrameworksBuildPhase section */
		657DED552589168400CAF834 /* Frameworks */ = {
			isa = PBXFrameworksBuildPhase;
			buildActionMask = 2147483647;
			files = (
				5B1C712AAA896C90143B0FA5 /* Pods_WBooks.framework in Frameworks */,
			);
			runOnlyForDeploymentPostprocessing = 0;
		};
		657DED6B2589168500CAF834 /* Frameworks */ = {
			isa = PBXFrameworksBuildPhase;
			buildActionMask = 2147483647;
			files = (
				A73E8612EDAB050226F6E63B /* Pods_WBooksTests.framework in Frameworks */,
			);
			runOnlyForDeploymentPostprocessing = 0;
		};
		657DED762589168500CAF834 /* Frameworks */ = {
			isa = PBXFrameworksBuildPhase;
			buildActionMask = 2147483647;
			files = (
				095725E9494E866C8A369942 /* Pods_WBooks_WBooksUITests.framework in Frameworks */,
			);
			runOnlyForDeploymentPostprocessing = 0;
		};
/* End PBXFrameworksBuildPhase section */

/* Begin PBXGroup section */
		652280EC258BE4F700B97637 /* View */ = {
			isa = PBXGroup;
			children = (
				65AFE5D1258A84EB00D5D6E9 /* SimpleBookViewTests.swift */,
				654E357A258D0A3E00E35E62 /* CustomBookViewTests.swift */,
				652280ED258BE51700B97637 /* BookViewStub.swift */,
			);
			path = View;
			sourceTree = "<group>";
		};
		65376A9725910BEF006E4D35 /* ViewModel */ = {
			isa = PBXGroup;
			children = (
				65376A9825910C03006E4D35 /* BookViewModel.swift */,
				65376AA025910C2E006E4D35 /* SimpleBookViewModel.swift */,
			);
			path = ViewModel;
			sourceTree = "<group>";
		};
		654E356F258D088000E35E62 /* Shared */ = {
			isa = PBXGroup;
			children = (
				654E3570258D089700E35E62 /* NibView.swift */,
				654E3575258D08C500E35E62 /* View+loadNib.swift */,
			);
			path = Shared;
			sourceTree = "<group>";
		};
		657DED4F2589168400CAF834 = {
			isa = PBXGroup;
			children = (
				657DED5A2589168400CAF834 /* WBooks */,
				657DED712589168500CAF834 /* WBooksTests */,
				657DED7C2589168500CAF834 /* WBooksUITests */,
				657DED592589168400CAF834 /* Products */,
				830B1721A7B47310473D7399 /* Pods */,
				F04335262256D9852A638986 /* Frameworks */,
			);
			sourceTree = "<group>";
		};
		657DED592589168400CAF834 /* Products */ = {
			isa = PBXGroup;
			children = (
				657DED582589168400CAF834 /* WBooks.app */,
				657DED6E2589168500CAF834 /* WBooksTests.xctest */,
				657DED792589168500CAF834 /* WBooksUITests.xctest */,
			);
			name = Products;
			sourceTree = "<group>";
		};
		657DED5A2589168400CAF834 /* WBooks */ = {
			isa = PBXGroup;
			children = (
				657DED8E2589197900CAF834 /* Book */,
				654E356F258D088000E35E62 /* Shared */,
				657DED5B2589168400CAF834 /* AppDelegate.swift */,
				657DED5D2589168400CAF834 /* SceneDelegate.swift */,
				657DED642589168500CAF834 /* Assets.xcassets */,
				657DED662589168500CAF834 /* LaunchScreen.storyboard */,
				657DED692589168500CAF834 /* Info.plist */,
			);
			path = WBooks;
			sourceTree = "<group>";
		};
		657DED712589168500CAF834 /* WBooksTests */ = {
			isa = PBXGroup;
			children = (
				657DED94258919E400CAF834 /* Book */,
				65C94294258A5E62007BAF09 /* Example */,
				657DED742589168500CAF834 /* Info.plist */,
			);
			path = WBooksTests;
			sourceTree = "<group>";
		};
		657DED7C2589168500CAF834 /* WBooksUITests */ = {
			isa = PBXGroup;
			children = (
				657DED7D2589168500CAF834 /* WBooksUITests.swift */,
				657DED7F2589168500CAF834 /* Info.plist */,
			);
			path = WBooksUITests;
			sourceTree = "<group>";
		};
		657DED8E2589197900CAF834 /* Book */ = {
			isa = PBXGroup;
			children = (
				657DED8F2589199000CAF834 /* Book.swift */,
				657DED5F2589168400CAF834 /* BookController.swift */,
				659B5BE9258BE11600FAA5D1 /* View */,
				65376A9725910BEF006E4D35 /* ViewModel */,
				65D55DB8258A5C9D00DBE748 /* Service */,
			);
			path = Book;
			sourceTree = "<group>";
		};
		657DED94258919E400CAF834 /* Book */ = {
			isa = PBXGroup;
			children = (
				657DED9525891A9000CAF834 /* BookTests.swift */,
				6507BC30258BDCF80006377A /* BookControllerTests.swift */,
				65D96679258C148800137E17 /* BookControllerIntegrationTests.swift */,
				652280EC258BE4F700B97637 /* View */,
				65B8AF1325912E9800A5B338 /* ViewModel */,
				65D55DB9258A5CC200DBE748 /* Service */,
			);
			path = Book;
			sourceTree = "<group>";
		};
		659B5BE9258BE11600FAA5D1 /* View */ = {
			isa = PBXGroup;
			children = (
				659B5BEA258BE13B00FAA5D1 /* BookView.swift */,
				65B7F3E92589308E0067ECFF /* SimpleBookView.swift */,
				654E3565258D048200E35E62 /* CustomBookView.swift */,
				654E356A258D04A600E35E62 /* CustomBookView.xib */,
			);
			path = View;
			sourceTree = "<group>";
		};
		65B8AF1325912E9800A5B338 /* ViewModel */ = {
			isa = PBXGroup;
			children = (
				65B8AF1425912EAE00A5B338 /* BookViewModelStub.swift */,
				65B8AF1C25912F3500A5B338 /* SimpleBookViewModelTests.swift */,
			);
			path = ViewModel;
			sourceTree = "<group>";
		};
		65C94294258A5E62007BAF09 /* Example */ = {
			isa = PBXGroup;
			children = (
				65C94295258A5E7E007BAF09 /* WebDataDownloadTests.swift */,
			);
			path = Example;
			sourceTree = "<group>";
		};
		65D55DB8258A5C9D00DBE748 /* Service */ = {
			isa = PBXGroup;
			children = (
				6559E5A22589482D000D2120 /* BookService.swift */,
				6559E5A725894AEF000D2120 /* BookAPIService.swift */,
			);
			path = Service;
			sourceTree = "<group>";
		};
		65D55DB9258A5CC200DBE748 /* Service */ = {
			isa = PBXGroup;
			children = (
				6559E5AC258953B3000D2120 /* BookAPIServiceTests.swift */,
				6559E5B12589575D000D2120 /* BookServiceStub.swift */,
			);
			path = Service;
			sourceTree = "<group>";
		};
		830B1721A7B47310473D7399 /* Pods */ = {
			isa = PBXGroup;
			children = (
				82DDAC80D5B82958B581C949 /* Pods-WBooks.debug.xcconfig */,
				48F3C561A725AB0E9F061876 /* Pods-WBooks.release.xcconfig */,
				EAD123452A3492459627954D /* Pods-WBooks-WBooksUITests.debug.xcconfig */,
				FADD955393FC95CAF5B76524 /* Pods-WBooks-WBooksUITests.release.xcconfig */,
				E398D9A81F7F43BC6D977FA3 /* Pods-WBooksTests.debug.xcconfig */,
				426E3023ADDCA8F0625B1B52 /* Pods-WBooksTests.release.xcconfig */,
				AFA19C65513CD827619B1E95 /* Pods-WBooks-WBooksTests.debug.xcconfig */,
				441F625A43F59C49C971C5CA /* Pods-WBooks-WBooksTests.release.xcconfig */,
			);
			path = Pods;
			sourceTree = "<group>";
		};
		F04335262256D9852A638986 /* Frameworks */ = {
			isa = PBXGroup;
			children = (
				558B67B5D1D526ACC3175FBF /* Pods_WBooks.framework */,
				FF055BE87DE3A0E3073B42A3 /* Pods_WBooks_WBooksUITests.framework */,
				6451B27488F55928F26B7BA8 /* Pods_WBooksTests.framework */,
			);
			name = Frameworks;
			sourceTree = "<group>";
		};
/* End PBXGroup section */

/* Begin PBXNativeTarget section */
		657DED572589168400CAF834 /* WBooks */ = {
			isa = PBXNativeTarget;
			buildConfigurationList = 657DED822589168500CAF834 /* Build configuration list for PBXNativeTarget "WBooks" */;
			buildPhases = (
				55DB2BEAE1E19F6D5B518EF0 /* [CP] Check Pods Manifest.lock */,
				657DED542589168400CAF834 /* Sources */,
				657DED552589168400CAF834 /* Frameworks */,
				657DED562589168400CAF834 /* Resources */,
			);
			buildRules = (
			);
			dependencies = (
			);
			name = WBooks;
			productName = WBooks;
			productReference = 657DED582589168400CAF834 /* WBooks.app */;
			productType = "com.apple.product-type.application";
		};
		657DED6D2589168500CAF834 /* WBooksTests */ = {
			isa = PBXNativeTarget;
			buildConfigurationList = 657DED852589168500CAF834 /* Build configuration list for PBXNativeTarget "WBooksTests" */;
			buildPhases = (
				7C3F06899409FDC5418F05D5 /* [CP] Check Pods Manifest.lock */,
				657DED6A2589168500CAF834 /* Sources */,
				657DED6B2589168500CAF834 /* Frameworks */,
				657DED6C2589168500CAF834 /* Resources */,
				3082D9B31F437CB347D1F804 /* [CP] Embed Pods Frameworks */,
			);
			buildRules = (
			);
			dependencies = (
				657DED702589168500CAF834 /* PBXTargetDependency */,
			);
			name = WBooksTests;
			productName = WBooksTests;
			productReference = 657DED6E2589168500CAF834 /* WBooksTests.xctest */;
			productType = "com.apple.product-type.bundle.unit-test";
		};
		657DED782589168500CAF834 /* WBooksUITests */ = {
			isa = PBXNativeTarget;
			buildConfigurationList = 657DED882589168500CAF834 /* Build configuration list for PBXNativeTarget "WBooksUITests" */;
			buildPhases = (
				89F253D5AF1375D7CB9AC983 /* [CP] Check Pods Manifest.lock */,
				657DED752589168500CAF834 /* Sources */,
				657DED762589168500CAF834 /* Frameworks */,
				657DED772589168500CAF834 /* Resources */,
			);
			buildRules = (
			);
			dependencies = (
				657DED7B2589168500CAF834 /* PBXTargetDependency */,
			);
			name = WBooksUITests;
			productName = WBooksUITests;
			productReference = 657DED792589168500CAF834 /* WBooksUITests.xctest */;
			productType = "com.apple.product-type.bundle.ui-testing";
		};
/* End PBXNativeTarget section */

/* Begin PBXProject section */
		657DED502589168400CAF834 /* Project object */ = {
			isa = PBXProject;
			attributes = {
				KnownAssetTags = (
					title,
				);
				LastSwiftUpdateCheck = 1200;
				LastUpgradeCheck = 1200;
				TargetAttributes = {
					657DED572589168400CAF834 = {
						CreatedOnToolsVersion = 12.0;
					};
					657DED6D2589168500CAF834 = {
						CreatedOnToolsVersion = 12.0;
						TestTargetID = 657DED572589168400CAF834;
					};
					657DED782589168500CAF834 = {
						CreatedOnToolsVersion = 12.0;
						TestTargetID = 657DED572589168400CAF834;
					};
				};
			};
			buildConfigurationList = 657DED532589168400CAF834 /* Build configuration list for PBXProject "WBooks" */;
			compatibilityVersion = "Xcode 9.3";
			developmentRegion = en;
			hasScannedForEncodings = 0;
			knownRegions = (
				en,
				Base,
			);
			mainGroup = 657DED4F2589168400CAF834;
			productRefGroup = 657DED592589168400CAF834 /* Products */;
			projectDirPath = "";
			projectRoot = "";
			targets = (
				657DED572589168400CAF834 /* WBooks */,
				657DED6D2589168500CAF834 /* WBooksTests */,
				657DED782589168500CAF834 /* WBooksUITests */,
			);
		};
/* End PBXProject section */

/* Begin PBXResourcesBuildPhase section */
		657DED562589168400CAF834 /* Resources */ = {
			isa = PBXResourcesBuildPhase;
			buildActionMask = 2147483647;
			files = (
				657DED682589168500CAF834 /* LaunchScreen.storyboard in Resources */,
				657DED652589168500CAF834 /* Assets.xcassets in Resources */,
				654E356B258D04A600E35E62 /* CustomBookView.xib in Resources */,
			);
			runOnlyForDeploymentPostprocessing = 0;
		};
		657DED6C2589168500CAF834 /* Resources */ = {
			isa = PBXResourcesBuildPhase;
			buildActionMask = 2147483647;
			files = (
			);
			runOnlyForDeploymentPostprocessing = 0;
		};
		657DED772589168500CAF834 /* Resources */ = {
			isa = PBXResourcesBuildPhase;
			buildActionMask = 2147483647;
			files = (
			);
			runOnlyForDeploymentPostprocessing = 0;
		};
/* End PBXResourcesBuildPhase section */

/* Begin PBXShellScriptBuildPhase section */
		3082D9B31F437CB347D1F804 /* [CP] Embed Pods Frameworks */ = {
			isa = PBXShellScriptBuildPhase;
			buildActionMask = 2147483647;
			files = (
			);
			inputFileListPaths = (
				"${PODS_ROOT}/Target Support Files/Pods-WBooksTests/Pods-WBooksTests-frameworks-${CONFIGURATION}-input-files.xcfilelist",
			);
			name = "[CP] Embed Pods Frameworks";
			outputFileListPaths = (
				"${PODS_ROOT}/Target Support Files/Pods-WBooksTests/Pods-WBooksTests-frameworks-${CONFIGURATION}-output-files.xcfilelist",
			);
			runOnlyForDeploymentPostprocessing = 0;
			shellPath = /bin/sh;
			shellScript = "\"${PODS_ROOT}/Target Support Files/Pods-WBooksTests/Pods-WBooksTests-frameworks.sh\"\n";
			showEnvVarsInLog = 0;
		};
		55DB2BEAE1E19F6D5B518EF0 /* [CP] Check Pods Manifest.lock */ = {
			isa = PBXShellScriptBuildPhase;
			buildActionMask = 2147483647;
			files = (
			);
			inputFileListPaths = (
			);
			inputPaths = (
				"${PODS_PODFILE_DIR_PATH}/Podfile.lock",
				"${PODS_ROOT}/Manifest.lock",
			);
			name = "[CP] Check Pods Manifest.lock";
			outputFileListPaths = (
			);
			outputPaths = (
				"$(DERIVED_FILE_DIR)/Pods-WBooks-checkManifestLockResult.txt",
			);
			runOnlyForDeploymentPostprocessing = 0;
			shellPath = /bin/sh;
			shellScript = "diff \"${PODS_PODFILE_DIR_PATH}/Podfile.lock\" \"${PODS_ROOT}/Manifest.lock\" > /dev/null\nif [ $? != 0 ] ; then\n    # print error to STDERR\n    echo \"error: The sandbox is not in sync with the Podfile.lock. Run 'pod install' or update your CocoaPods installation.\" >&2\n    exit 1\nfi\n# This output is used by Xcode 'outputs' to avoid re-running this script phase.\necho \"SUCCESS\" > \"${SCRIPT_OUTPUT_FILE_0}\"\n";
			showEnvVarsInLog = 0;
		};
		7C3F06899409FDC5418F05D5 /* [CP] Check Pods Manifest.lock */ = {
			isa = PBXShellScriptBuildPhase;
			buildActionMask = 2147483647;
			files = (
			);
			inputFileListPaths = (
			);
			inputPaths = (
				"${PODS_PODFILE_DIR_PATH}/Podfile.lock",
				"${PODS_ROOT}/Manifest.lock",
			);
			name = "[CP] Check Pods Manifest.lock";
			outputFileListPaths = (
			);
			outputPaths = (
				"$(DERIVED_FILE_DIR)/Pods-WBooksTests-checkManifestLockResult.txt",
			);
			runOnlyForDeploymentPostprocessing = 0;
			shellPath = /bin/sh;
			shellScript = "diff \"${PODS_PODFILE_DIR_PATH}/Podfile.lock\" \"${PODS_ROOT}/Manifest.lock\" > /dev/null\nif [ $? != 0 ] ; then\n    # print error to STDERR\n    echo \"error: The sandbox is not in sync with the Podfile.lock. Run 'pod install' or update your CocoaPods installation.\" >&2\n    exit 1\nfi\n# This output is used by Xcode 'outputs' to avoid re-running this script phase.\necho \"SUCCESS\" > \"${SCRIPT_OUTPUT_FILE_0}\"\n";
			showEnvVarsInLog = 0;
		};
		89F253D5AF1375D7CB9AC983 /* [CP] Check Pods Manifest.lock */ = {
			isa = PBXShellScriptBuildPhase;
			buildActionMask = 2147483647;
			files = (
			);
			inputFileListPaths = (
			);
			inputPaths = (
				"${PODS_PODFILE_DIR_PATH}/Podfile.lock",
				"${PODS_ROOT}/Manifest.lock",
			);
			name = "[CP] Check Pods Manifest.lock";
			outputFileListPaths = (
			);
			outputPaths = (
				"$(DERIVED_FILE_DIR)/Pods-WBooks-WBooksUITests-checkManifestLockResult.txt",
			);
			runOnlyForDeploymentPostprocessing = 0;
			shellPath = /bin/sh;
			shellScript = "diff \"${PODS_PODFILE_DIR_PATH}/Podfile.lock\" \"${PODS_ROOT}/Manifest.lock\" > /dev/null\nif [ $? != 0 ] ; then\n    # print error to STDERR\n    echo \"error: The sandbox is not in sync with the Podfile.lock. Run 'pod install' or update your CocoaPods installation.\" >&2\n    exit 1\nfi\n# This output is used by Xcode 'outputs' to avoid re-running this script phase.\necho \"SUCCESS\" > \"${SCRIPT_OUTPUT_FILE_0}\"\n";
			showEnvVarsInLog = 0;
		};
/* End PBXShellScriptBuildPhase section */

/* Begin PBXSourcesBuildPhase section */
		657DED542589168400CAF834 /* Sources */ = {
			isa = PBXSourcesBuildPhase;
			buildActionMask = 2147483647;
			files = (
				654E3576258D08C500E35E62 /* View+loadNib.swift in Sources */,
				6559E5A825894AEF000D2120 /* BookAPIService.swift in Sources */,
				657DED902589199000CAF834 /* Book.swift in Sources */,
				657DED602589168400CAF834 /* BookController.swift in Sources */,
				659B5BEB258BE13B00FAA5D1 /* BookView.swift in Sources */,
				65376A9925910C03006E4D35 /* BookViewModel.swift in Sources */,
				654E3571258D089700E35E62 /* NibView.swift in Sources */,
				6559E5A32589482D000D2120 /* BookService.swift in Sources */,
				65376AA125910C2E006E4D35 /* SimpleBookViewModel.swift in Sources */,
				657DED5C2589168400CAF834 /* AppDelegate.swift in Sources */,
				654E3566258D048200E35E62 /* CustomBookView.swift in Sources */,
				657DED5E2589168400CAF834 /* SceneDelegate.swift in Sources */,
				65B7F3EA2589308E0067ECFF /* SimpleBookView.swift in Sources */,
			);
			runOnlyForDeploymentPostprocessing = 0;
		};
		657DED6A2589168500CAF834 /* Sources */ = {
			isa = PBXSourcesBuildPhase;
			buildActionMask = 2147483647;
			files = (
				657DED9625891A9000CAF834 /* BookTests.swift in Sources */,
				652280EE258BE51700B97637 /* BookViewStub.swift in Sources */,
				65C94296258A5E7E007BAF09 /* WebDataDownloadTests.swift in Sources */,
				65B8AF1525912EAE00A5B338 /* BookViewModelStub.swift in Sources */,
				654E357B258D0A3E00E35E62 /* CustomBookViewTests.swift in Sources */,
				65AFE5D2258A84EB00D5D6E9 /* SimpleBookViewTests.swift in Sources */,
				6559E5AD258953B3000D2120 /* BookAPIServiceTests.swift in Sources */,
				65B8AF1D25912F3500A5B338 /* SimpleBookViewModelTests.swift in Sources */,
				65D9667A258C148800137E17 /* BookControllerIntegrationTests.swift in Sources */,
				6507BC31258BDCF80006377A /* BookControllerTests.swift in Sources */,
				6559E5B22589575D000D2120 /* BookServiceStub.swift in Sources */,
			);
			runOnlyForDeploymentPostprocessing = 0;
		};
		657DED752589168500CAF834 /* Sources */ = {
			isa = PBXSourcesBuildPhase;
			buildActionMask = 2147483647;
			files = (
				657DED7E2589168500CAF834 /* WBooksUITests.swift in Sources */,
			);
			runOnlyForDeploymentPostprocessing = 0;
		};
/* End PBXSourcesBuildPhase section */

/* Begin PBXTargetDependency section */
		657DED702589168500CAF834 /* PBXTargetDependency */ = {
			isa = PBXTargetDependency;
			target = 657DED572589168400CAF834 /* WBooks */;
			targetProxy = 657DED6F2589168500CAF834 /* PBXContainerItemProxy */;
		};
		657DED7B2589168500CAF834 /* PBXTargetDependency */ = {
			isa = PBXTargetDependency;
			target = 657DED572589168400CAF834 /* WBooks */;
			targetProxy = 657DED7A2589168500CAF834 /* PBXContainerItemProxy */;
		};
/* End PBXTargetDependency section */

/* Begin PBXVariantGroup section */
		657DED662589168500CAF834 /* LaunchScreen.storyboard */ = {
			isa = PBXVariantGroup;
			children = (
				657DED672589168500CAF834 /* Base */,
			);
			name = LaunchScreen.storyboard;
			sourceTree = "<group>";
		};
/* End PBXVariantGroup section */

/* Begin XCBuildConfiguration section */
		657DED802589168500CAF834 /* Debug */ = {
			isa = XCBuildConfiguration;
			buildSettings = {
				ALWAYS_SEARCH_USER_PATHS = NO;
				CLANG_ANALYZER_NONNULL = YES;
				CLANG_ANALYZER_NUMBER_OBJECT_CONVERSION = YES_AGGRESSIVE;
				CLANG_CXX_LANGUAGE_STANDARD = "gnu++14";
				CLANG_CXX_LIBRARY = "libc++";
				CLANG_ENABLE_MODULES = YES;
				CLANG_ENABLE_OBJC_ARC = YES;
				CLANG_ENABLE_OBJC_WEAK = YES;
				CLANG_WARN_BLOCK_CAPTURE_AUTORELEASING = YES;
				CLANG_WARN_BOOL_CONVERSION = YES;
				CLANG_WARN_COMMA = YES;
				CLANG_WARN_CONSTANT_CONVERSION = YES;
				CLANG_WARN_DEPRECATED_OBJC_IMPLEMENTATIONS = YES;
				CLANG_WARN_DIRECT_OBJC_ISA_USAGE = YES_ERROR;
				CLANG_WARN_DOCUMENTATION_COMMENTS = YES;
				CLANG_WARN_EMPTY_BODY = YES;
				CLANG_WARN_ENUM_CONVERSION = YES;
				CLANG_WARN_INFINITE_RECURSION = YES;
				CLANG_WARN_INT_CONVERSION = YES;
				CLANG_WARN_NON_LITERAL_NULL_CONVERSION = YES;
				CLANG_WARN_OBJC_IMPLICIT_RETAIN_SELF = YES;
				CLANG_WARN_OBJC_LITERAL_CONVERSION = YES;
				CLANG_WARN_OBJC_ROOT_CLASS = YES_ERROR;
				CLANG_WARN_QUOTED_INCLUDE_IN_FRAMEWORK_HEADER = YES;
				CLANG_WARN_RANGE_LOOP_ANALYSIS = YES;
				CLANG_WARN_STRICT_PROTOTYPES = YES;
				CLANG_WARN_SUSPICIOUS_MOVE = YES;
				CLANG_WARN_UNGUARDED_AVAILABILITY = YES_AGGRESSIVE;
				CLANG_WARN_UNREACHABLE_CODE = YES;
				CLANG_WARN__DUPLICATE_METHOD_MATCH = YES;
				COPY_PHASE_STRIP = NO;
				DEBUG_INFORMATION_FORMAT = dwarf;
				ENABLE_STRICT_OBJC_MSGSEND = YES;
				ENABLE_TESTABILITY = YES;
				GCC_C_LANGUAGE_STANDARD = gnu11;
				GCC_DYNAMIC_NO_PIC = NO;
				GCC_NO_COMMON_BLOCKS = YES;
				GCC_OPTIMIZATION_LEVEL = 0;
				GCC_PREPROCESSOR_DEFINITIONS = (
					"DEBUG=1",
					"$(inherited)",
				);
				GCC_WARN_64_TO_32_BIT_CONVERSION = YES;
				GCC_WARN_ABOUT_RETURN_TYPE = YES_ERROR;
				GCC_WARN_UNDECLARED_SELECTOR = YES;
				GCC_WARN_UNINITIALIZED_AUTOS = YES_AGGRESSIVE;
				GCC_WARN_UNUSED_FUNCTION = YES;
				GCC_WARN_UNUSED_VARIABLE = YES;
				IPHONEOS_DEPLOYMENT_TARGET = 14.0;
				MTL_ENABLE_DEBUG_INFO = INCLUDE_SOURCE;
				MTL_FAST_MATH = YES;
				ONLY_ACTIVE_ARCH = YES;
				SDKROOT = iphoneos;
				SWIFT_ACTIVE_COMPILATION_CONDITIONS = DEBUG;
				SWIFT_OPTIMIZATION_LEVEL = "-Onone";
			};
			name = Debug;
		};
		657DED812589168500CAF834 /* Release */ = {
			isa = XCBuildConfiguration;
			buildSettings = {
				ALWAYS_SEARCH_USER_PATHS = NO;
				CLANG_ANALYZER_NONNULL = YES;
				CLANG_ANALYZER_NUMBER_OBJECT_CONVERSION = YES_AGGRESSIVE;
				CLANG_CXX_LANGUAGE_STANDARD = "gnu++14";
				CLANG_CXX_LIBRARY = "libc++";
				CLANG_ENABLE_MODULES = YES;
				CLANG_ENABLE_OBJC_ARC = YES;
				CLANG_ENABLE_OBJC_WEAK = YES;
				CLANG_WARN_BLOCK_CAPTURE_AUTORELEASING = YES;
				CLANG_WARN_BOOL_CONVERSION = YES;
				CLANG_WARN_COMMA = YES;
				CLANG_WARN_CONSTANT_CONVERSION = YES;
				CLANG_WARN_DEPRECATED_OBJC_IMPLEMENTATIONS = YES;
				CLANG_WARN_DIRECT_OBJC_ISA_USAGE = YES_ERROR;
				CLANG_WARN_DOCUMENTATION_COMMENTS = YES;
				CLANG_WARN_EMPTY_BODY = YES;
				CLANG_WARN_ENUM_CONVERSION = YES;
				CLANG_WARN_INFINITE_RECURSION = YES;
				CLANG_WARN_INT_CONVERSION = YES;
				CLANG_WARN_NON_LITERAL_NULL_CONVERSION = YES;
				CLANG_WARN_OBJC_IMPLICIT_RETAIN_SELF = YES;
				CLANG_WARN_OBJC_LITERAL_CONVERSION = YES;
				CLANG_WARN_OBJC_ROOT_CLASS = YES_ERROR;
				CLANG_WARN_QUOTED_INCLUDE_IN_FRAMEWORK_HEADER = YES;
				CLANG_WARN_RANGE_LOOP_ANALYSIS = YES;
				CLANG_WARN_STRICT_PROTOTYPES = YES;
				CLANG_WARN_SUSPICIOUS_MOVE = YES;
				CLANG_WARN_UNGUARDED_AVAILABILITY = YES_AGGRESSIVE;
				CLANG_WARN_UNREACHABLE_CODE = YES;
				CLANG_WARN__DUPLICATE_METHOD_MATCH = YES;
				COPY_PHASE_STRIP = NO;
				DEBUG_INFORMATION_FORMAT = "dwarf-with-dsym";
				ENABLE_NS_ASSERTIONS = NO;
				ENABLE_STRICT_OBJC_MSGSEND = YES;
				GCC_C_LANGUAGE_STANDARD = gnu11;
				GCC_NO_COMMON_BLOCKS = YES;
				GCC_WARN_64_TO_32_BIT_CONVERSION = YES;
				GCC_WARN_ABOUT_RETURN_TYPE = YES_ERROR;
				GCC_WARN_UNDECLARED_SELECTOR = YES;
				GCC_WARN_UNINITIALIZED_AUTOS = YES_AGGRESSIVE;
				GCC_WARN_UNUSED_FUNCTION = YES;
				GCC_WARN_UNUSED_VARIABLE = YES;
				IPHONEOS_DEPLOYMENT_TARGET = 14.0;
				MTL_ENABLE_DEBUG_INFO = NO;
				MTL_FAST_MATH = YES;
				SDKROOT = iphoneos;
				SWIFT_COMPILATION_MODE = wholemodule;
				SWIFT_OPTIMIZATION_LEVEL = "-O";
				VALIDATE_PRODUCT = YES;
			};
			name = Release;
		};
		657DED832589168500CAF834 /* Debug */ = {
			isa = XCBuildConfiguration;
			baseConfigurationReference = 82DDAC80D5B82958B581C949 /* Pods-WBooks.debug.xcconfig */;
			buildSettings = {
				ASSETCATALOG_COMPILER_APPICON_NAME = AppIcon;
				ASSETCATALOG_COMPILER_GLOBAL_ACCENT_COLOR_NAME = AccentColor;
				CODE_SIGN_STYLE = Automatic;
				DEVELOPMENT_TEAM = ZC7XAH6SD9;
				INFOPLIST_FILE = WBooks/Info.plist;
				LD_RUNPATH_SEARCH_PATHS = (
					"$(inherited)",
					"@executable_path/Frameworks",
				);
				PRODUCT_BUNDLE_IDENTIFIER = wolox.WBooks;
				PRODUCT_NAME = "$(TARGET_NAME)";
				SWIFT_VERSION = 5.0;
				TARGETED_DEVICE_FAMILY = "1,2";
			};
			name = Debug;
		};
		657DED842589168500CAF834 /* Release */ = {
			isa = XCBuildConfiguration;
			baseConfigurationReference = 48F3C561A725AB0E9F061876 /* Pods-WBooks.release.xcconfig */;
			buildSettings = {
				ASSETCATALOG_COMPILER_APPICON_NAME = AppIcon;
				ASSETCATALOG_COMPILER_GLOBAL_ACCENT_COLOR_NAME = AccentColor;
				CODE_SIGN_STYLE = Automatic;
				DEVELOPMENT_TEAM = ZC7XAH6SD9;
				INFOPLIST_FILE = WBooks/Info.plist;
				LD_RUNPATH_SEARCH_PATHS = (
					"$(inherited)",
					"@executable_path/Frameworks",
				);
				PRODUCT_BUNDLE_IDENTIFIER = wolox.WBooks;
				PRODUCT_NAME = "$(TARGET_NAME)";
				SWIFT_VERSION = 5.0;
				TARGETED_DEVICE_FAMILY = "1,2";
			};
			name = Release;
		};
		657DED862589168500CAF834 /* Debug */ = {
			isa = XCBuildConfiguration;
			baseConfigurationReference = E398D9A81F7F43BC6D977FA3 /* Pods-WBooksTests.debug.xcconfig */;
			buildSettings = {
				ALWAYS_EMBED_SWIFT_STANDARD_LIBRARIES = YES;
				BUNDLE_LOADER = "$(TEST_HOST)";
				CODE_SIGN_STYLE = Automatic;
				DEVELOPMENT_TEAM = ZC7XAH6SD9;
				INFOPLIST_FILE = WBooksTests/Info.plist;
				IPHONEOS_DEPLOYMENT_TARGET = 14.0;
				LD_RUNPATH_SEARCH_PATHS = (
					"$(inherited)",
					"@executable_path/Frameworks",
					"@loader_path/Frameworks",
				);
				PRODUCT_BUNDLE_IDENTIFIER = wolox.WBooksTests;
				PRODUCT_NAME = "$(TARGET_NAME)";
				SWIFT_VERSION = 5.0;
				TARGETED_DEVICE_FAMILY = "1,2";
				TEST_HOST = "$(BUILT_PRODUCTS_DIR)/WBooks.app/WBooks";
			};
			name = Debug;
		};
		657DED872589168500CAF834 /* Release */ = {
			isa = XCBuildConfiguration;
			baseConfigurationReference = 426E3023ADDCA8F0625B1B52 /* Pods-WBooksTests.release.xcconfig */;
			buildSettings = {
				ALWAYS_EMBED_SWIFT_STANDARD_LIBRARIES = YES;
				BUNDLE_LOADER = "$(TEST_HOST)";
				CODE_SIGN_STYLE = Automatic;
				DEVELOPMENT_TEAM = ZC7XAH6SD9;
				INFOPLIST_FILE = WBooksTests/Info.plist;
				IPHONEOS_DEPLOYMENT_TARGET = 14.0;
				LD_RUNPATH_SEARCH_PATHS = (
					"$(inherited)",
					"@executable_path/Frameworks",
					"@loader_path/Frameworks",
				);
				PRODUCT_BUNDLE_IDENTIFIER = wolox.WBooksTests;
				PRODUCT_NAME = "$(TARGET_NAME)";
				SWIFT_VERSION = 5.0;
				TARGETED_DEVICE_FAMILY = "1,2";
				TEST_HOST = "$(BUILT_PRODUCTS_DIR)/WBooks.app/WBooks";
			};
			name = Release;
		};
		657DED892589168500CAF834 /* Debug */ = {
			isa = XCBuildConfiguration;
			baseConfigurationReference = EAD123452A3492459627954D /* Pods-WBooks-WBooksUITests.debug.xcconfig */;
			buildSettings = {
				ALWAYS_EMBED_SWIFT_STANDARD_LIBRARIES = YES;
				CODE_SIGN_STYLE = Automatic;
				DEVELOPMENT_TEAM = ZC7XAH6SD9;
				INFOPLIST_FILE = WBooksUITests/Info.plist;
				LD_RUNPATH_SEARCH_PATHS = (
					"$(inherited)",
					"@executable_path/Frameworks",
					"@loader_path/Frameworks",
				);
				PRODUCT_BUNDLE_IDENTIFIER = wolox.WBooksUITests;
				PRODUCT_NAME = "$(TARGET_NAME)";
				SWIFT_VERSION = 5.0;
				TARGETED_DEVICE_FAMILY = "1,2";
				TEST_TARGET_NAME = WBooks;
			};
			name = Debug;
		};
		657DED8A2589168500CAF834 /* Release */ = {
			isa = XCBuildConfiguration;
			baseConfigurationReference = FADD955393FC95CAF5B76524 /* Pods-WBooks-WBooksUITests.release.xcconfig */;
			buildSettings = {
				ALWAYS_EMBED_SWIFT_STANDARD_LIBRARIES = YES;
				CODE_SIGN_STYLE = Automatic;
				DEVELOPMENT_TEAM = ZC7XAH6SD9;
				INFOPLIST_FILE = WBooksUITests/Info.plist;
				LD_RUNPATH_SEARCH_PATHS = (
					"$(inherited)",
					"@executable_path/Frameworks",
					"@loader_path/Frameworks",
				);
				PRODUCT_BUNDLE_IDENTIFIER = wolox.WBooksUITests;
				PRODUCT_NAME = "$(TARGET_NAME)";
				SWIFT_VERSION = 5.0;
				TARGETED_DEVICE_FAMILY = "1,2";
				TEST_TARGET_NAME = WBooks;
			};
			name = Release;
		};
/* End XCBuildConfiguration section */

/* Begin XCConfigurationList section */
		657DED532589168400CAF834 /* Build configuration list for PBXProject "WBooks" */ = {
			isa = XCConfigurationList;
			buildConfigurations = (
				657DED802589168500CAF834 /* Debug */,
				657DED812589168500CAF834 /* Release */,
			);
			defaultConfigurationIsVisible = 0;
			defaultConfigurationName = Release;
		};
		657DED822589168500CAF834 /* Build configuration list for PBXNativeTarget "WBooks" */ = {
			isa = XCConfigurationList;
			buildConfigurations = (
				657DED832589168500CAF834 /* Debug */,
				657DED842589168500CAF834 /* Release */,
			);
			defaultConfigurationIsVisible = 0;
			defaultConfigurationName = Release;
		};
		657DED852589168500CAF834 /* Build configuration list for PBXNativeTarget "WBooksTests" */ = {
			isa = XCConfigurationList;
			buildConfigurations = (
				657DED862589168500CAF834 /* Debug */,
				657DED872589168500CAF834 /* Release */,
			);
			defaultConfigurationIsVisible = 0;
			defaultConfigurationName = Release;
		};
		657DED882589168500CAF834 /* Build configuration list for PBXNativeTarget "WBooksUITests" */ = {
			isa = XCConfigurationList;
			buildConfigurations = (
				657DED892589168500CAF834 /* Debug */,
				657DED8A2589168500CAF834 /* Release */,
			);
			defaultConfigurationIsVisible = 0;
			defaultConfigurationName = Release;
		};
/* End XCConfigurationList section */
	};
	rootObject = 657DED502589168400CAF834 /* Project object */;
}
